
Microsoft Visual Studio Solution File, Format Version 12.00
# Visual Studio 15
VisualStudioVersion = 15.0.28307.1340
MinimumVisualStudioVersion = 10.0.40219.1
Project("{8BC9CEB8-8B4A-11D0-8D11-00A0C91BC942}") = "test_2_8", "test_2_8\test_2_8.vcxproj", "{DD72A2E2-079B-436A-B85B-F19FBC36D59B}"
EndProject
Global
	GlobalSection(SolutionConfigurationPlatforms) = preSolution
		Debug|x64 = Debug|x64
		Debug|x86 = Debug|x86
		Release|x64 = Release|x64
		Release|x86 = Release|x86
	EndGlobalSection
	GlobalSection(ProjectConfigurationPlatforms) = postSolution
		{DD72A2E2-079B-436A-B85B-F19FBC36D59B}.Debug|x64.ActiveCfg = Debug|x64
		{DD72A2E2-079B-436A-B85B-F19FBC36D59B}.Debug|x64.Build.0 = Debug|x64
		{DD72A2E2-079B-436A-B85B-F19FBC36D59B}.Debug|x86.ActiveCfg = Debug|Win32
		{DD72A2E2-079B-436A-B85B-F19FBC36D59B}.Debug|x86.Build.0 = Debug|Win32
		{DD72A2E2-079B-436A-B85B-F19FBC36D59B}.Release|x64.ActiveCfg = Release|x64
		{DD72A2E2-079B-436A-B85B-F19FBC36D59B}.Release|x64.Build.0 = Release|x64
		{DD72A2E2-079B-436A-B85B-F19FBC36D59B}.Release|x86.ActiveCfg = Release|Win32
		{DD72A2E2-079B-436A-B85B-F19FBC36D59B}.Release|x86.Build.0 = Release|Win32
	EndGlobalSection
	GlobalSection(SolutionProperties) = preSolution
		HideSolutionNode = FALSE
	EndGlobalSection
	GlobalSection(ExtensibilityGlobals) = postSolution
		SolutionGuid = {1E2277DE-5455-486A-BB49-FBCA98326CCC}
	EndGlobalSection
EndGlobal
